
Microsoft Visual Studio Solution File, Format Version 12.00
# Visual Studio Version 17
VisualStudioVersion = 17.7.34003.232
MinimumVisualStudioVersion = 10.0.40219.1
Project("{FAE04EC0-301F-11D3-BF4B-00C04F79EFBC}") = "ConAppOrdersDb", "ConAppOrdersDb\ConAppOrdersDb.csproj", "{EC1837D2-F2F1-48DE-B955-9CBF087F4D2D}"
EndProject
Global
	GlobalSection(SolutionConfigurationPlatforms) = preSolution
		Debug|Any CPU = Debug|Any CPU
		Release|Any CPU = Release|Any CPU
	EndGlobalSection
	GlobalSection(ProjectConfigurationPlatforms) = postSolution
		{EC1837D2-F2F1-48DE-B955-9CBF087F4D2D}.Debug|Any CPU.ActiveCfg = Debug|Any CPU
		{EC1837D2-F2F1-48DE-B955-9CBF087F4D2D}.Debug|Any CPU.Build.0 = Debug|Any CPU
		{EC1837D2-F2F1-48DE-B955-9CBF087F4D2D}.Release|Any CPU.ActiveCfg = Release|Any CPU
		{EC1837D2-F2F1-48DE-B955-9CBF087F4D2D}.Release|Any CPU.Build.0 = Release|Any CPU
	EndGlobalSection
	GlobalSection(SolutionProperties) = preSolution
		HideSolutionNode = FALSE
	EndGlobalSection
	GlobalSection(ExtensibilityGlobals) = postSolution
		SolutionGuid = {BAE1EDB1-F312-46AE-A004-06DAA62EB361}
	EndGlobalSection
EndGlobal
